
Microsoft Visual Studio Solution File, Format Version 12.00
# Visual Studio Version 16
VisualStudioVersion = 16.0.32901.82
MinimumVisualStudioVersion = 10.0.40219.1
Project("{FAE04EC0-301F-11D3-BF4B-00C04F79EFBC}") = "Mastermind", "Mastermind\Mastermind.csproj", "{F757092C-F80A-46FA-9D02-AD64D356D6D7}"
EndProject
Global
	GlobalSection(SolutionConfigurationPlatforms) = preSolution
		Debug|Any CPU = Debug|Any CPU
		Release|Any CPU = Release|Any CPU
	EndGlobalSection
	GlobalSection(ProjectConfigurationPlatforms) = postSolution
		{F757092C-F80A-46FA-9D02-AD64D356D6D7}.Debug|Any CPU.ActiveCfg = Debug|Any CPU
		{F757092C-F80A-46FA-9D02-AD64D356D6D7}.Debug|Any CPU.Build.0 = Debug|Any CPU
		{F757092C-F80A-46FA-9D02-AD64D356D6D7}.Release|Any CPU.ActiveCfg = Release|Any CPU
		{F757092C-F80A-46FA-9D02-AD64D356D6D7}.Release|Any CPU.Build.0 = Release|Any CPU
	EndGlobalSection
	GlobalSection(SolutionProperties) = preSolution
		HideSolutionNode = FALSE
	EndGlobalSection
	GlobalSection(ExtensibilityGlobals) = postSolution
		SolutionGuid = {CFC50023-B5FB-41D5-A6E0-966333EA17BB}
	EndGlobalSection
EndGlobal
